
Microsoft Visual Studio Solution File, Format Version 11.00
# Visual Studio 2010
Project("{FAE04EC0-301F-11D3-BF4B-00C04F79EFBC}") = "SimuKit.ML.DecisionTree", "SimuKit.ML.DecisionTree.csproj", "{F721F7FE-1F93-4B4D-981D-C738D70D7FDC}"
EndProject
Project("{FAE04EC0-301F-11D3-BF4B-00C04F79EFBC}") = "SimuKit.ML.DecisionTree.Demo", "SimuKit.ML.DecisionTree.Demo\SimuKit.ML.DecisionTree.Demo.csproj", "{B2CFBAF7-6194-4D4C-96CC-6B95E332324E}"
EndProject
Project("{FAE04EC0-301F-11D3-BF4B-00C04F79EFBC}") = "SimuKit.ML", "..\SimuKit.ML\SimuKit.ML.csproj", "{A0EEAC9F-645A-4C76-A960-31C79BA71417}"
EndProject
Project("{FAE04EC0-301F-11D3-BF4B-00C04F79EFBC}") = "SimuKit.Math", "..\SimuKit.Math\SimuKit.Math.csproj", "{206551B4-70D2-4587-B1B8-AB276578B8F4}"
EndProject
Global
	GlobalSection(SolutionConfigurationPlatforms) = preSolution
		Debug|Any CPU = Debug|Any CPU
		Debug|Mixed Platforms = Debug|Mixed Platforms
		Debug|x86 = Debug|x86
		Release|Any CPU = Release|Any CPU
		Release|Mixed Platforms = Release|Mixed Platforms
		Release|x86 = Release|x86
	EndGlobalSection
	GlobalSection(ProjectConfigurationPlatforms) = postSolution
		{F721F7FE-1F93-4B4D-981D-C738D70D7FDC}.Debug|Any CPU.ActiveCfg = Debug|Any CPU
		{F721F7FE-1F93-4B4D-981D-C738D70D7FDC}.Debug|Any CPU.Build.0 = Debug|Any CPU
		{F721F7FE-1F93-4B4D-981D-C738D70D7FDC}.Debug|Mixed Platforms.ActiveCfg = Debug|Any CPU
		{F721F7FE-1F93-4B4D-981D-C738D70D7FDC}.Debug|Mixed Platforms.Build.0 = Debug|Any CPU
		{F721F7FE-1F93-4B4D-981D-C738D70D7FDC}.Debug|x86.ActiveCfg = Debug|Any CPU
		{F721F7FE-1F93-4B4D-981D-C738D70D7FDC}.Release|Any CPU.ActiveCfg = Release|Any CPU
		{F721F7FE-1F93-4B4D-981D-C738D70D7FDC}.Release|Any CPU.Build.0 = Release|Any CPU
		{F721F7FE-1F93-4B4D-981D-C738D70D7FDC}.Release|Mixed Platforms.ActiveCfg = Release|Any CPU
		{F721F7FE-1F93-4B4D-981D-C738D70D7FDC}.Release|Mixed Platforms.Build.0 = Release|Any CPU
		{F721F7FE-1F93-4B4D-981D-C738D70D7FDC}.Release|x86.ActiveCfg = Release|Any CPU
		{B2CFBAF7-6194-4D4C-96CC-6B95E332324E}.Debug|Any CPU.ActiveCfg = Debug|Any CPU
		{B2CFBAF7-6194-4D4C-96CC-6B95E332324E}.Debug|Any CPU.Build.0 = Debug|Any CPU
		{B2CFBAF7-6194-4D4C-96CC-6B95E332324E}.Debug|Mixed Platforms.ActiveCfg = Debug|Any CPU
		{B2CFBAF7-6194-4D4C-96CC-6B95E332324E}.Debug|Mixed Platforms.Build.0 = Debug|Any CPU
		{B2CFBAF7-6194-4D4C-96CC-6B95E332324E}.Debug|x86.ActiveCfg = Debug|Any CPU
		{B2CFBAF7-6194-4D4C-96CC-6B95E332324E}.Release|Any CPU.ActiveCfg = Release|Any CPU
		{B2CFBAF7-6194-4D4C-96CC-6B95E332324E}.Release|Any CPU.Build.0 = Release|Any CPU
		{B2CFBAF7-6194-4D4C-96CC-6B95E332324E}.Release|Mixed Platforms.ActiveCfg = Release|Any CPU
		{B2CFBAF7-6194-4D4C-96CC-6B95E332324E}.Release|Mixed Platforms.Build.0 = Release|Any CPU
		{B2CFBAF7-6194-4D4C-96CC-6B95E332324E}.Release|x86.ActiveCfg = Release|Any CPU
		{A0EEAC9F-645A-4C76-A960-31C79BA71417}.Debug|Any CPU.ActiveCfg = Debug|Any CPU
		{A0EEAC9F-645A-4C76-A960-31C79BA71417}.Debug|Any CPU.Build.0 = Debug|Any CPU
		{A0EEAC9F-645A-4C76-A960-31C79BA71417}.Debug|Mixed Platforms.ActiveCfg = Debug|Any CPU
		{A0EEAC9F-645A-4C76-A960-31C79BA71417}.Debug|Mixed Platforms.Build.0 = Debug|Any CPU
		{A0EEAC9F-645A-4C76-A960-31C79BA71417}.Debug|x86.ActiveCfg = Debug|Any CPU
		{A0EEAC9F-645A-4C76-A960-31C79BA71417}.Release|Any CPU.ActiveCfg = Release|Any CPU
		{A0EEAC9F-645A-4C76-A960-31C79BA71417}.Release|Any CPU.Build.0 = Release|Any CPU
		{A0EEAC9F-645A-4C76-A960-31C79BA71417}.Release|Mixed Platforms.ActiveCfg = Release|Any CPU
		{A0EEAC9F-645A-4C76-A960-31C79BA71417}.Release|Mixed Platforms.Build.0 = Release|Any CPU
		{A0EEAC9F-645A-4C76-A960-31C79BA71417}.Release|x86.ActiveCfg = Release|Any CPU
		{206551B4-70D2-4587-B1B8-AB276578B8F4}.Debug|Any CPU.ActiveCfg = Debug|Any CPU
		{206551B4-70D2-4587-B1B8-AB276578B8F4}.Debug|Any CPU.Build.0 = Debug|Any CPU
		{206551B4-70D2-4587-B1B8-AB276578B8F4}.Debug|Mixed Platforms.ActiveCfg = Debug|Any CPU
		{206551B4-70D2-4587-B1B8-AB276578B8F4}.Debug|Mixed Platforms.Build.0 = Debug|Any CPU
		{206551B4-70D2-4587-B1B8-AB276578B8F4}.Debug|x86.ActiveCfg = Debug|Any CPU
		{206551B4-70D2-4587-B1B8-AB276578B8F4}.Release|Any CPU.ActiveCfg = Release|Any CPU
		{206551B4-70D2-4587-B1B8-AB276578B8F4}.Release|Any CPU.Build.0 = Release|Any CPU
		{206551B4-70D2-4587-B1B8-AB276578B8F4}.Release|Mixed Platforms.ActiveCfg = Release|Any CPU
		{206551B4-70D2-4587-B1B8-AB276578B8F4}.Release|Mixed Platforms.Build.0 = Release|Any CPU
		{206551B4-70D2-4587-B1B8-AB276578B8F4}.Release|x86.ActiveCfg = Release|Any CPU
	EndGlobalSection
	GlobalSection(SolutionProperties) = preSolution
		HideSolutionNode = FALSE
	EndGlobalSection
EndGlobal
